// !$*UTF8*$!
{
	archiveVersion = 1;
	classes = {
	};
	objectVersion = 55;
	objects = {

/* Begin PBXBuildFile section */
		985C42FA27FB28C80049A270 /* SearchViewController.swift in Sources */ = {isa = PBXBuildFile; fileRef = 985C42F927FB28C80049A270 /* SearchViewController.swift */; };
		9864E68D27EE3848003E7BA9 /* LocationManager.swift in Sources */ = {isa = PBXBuildFile; fileRef = 9864E68C27EE3848003E7BA9 /* LocationManager.swift */; };
		98AF6ED027D9F41100C967E8 /* AppDelegate.swift in Sources */ = {isa = PBXBuildFile; fileRef = 98AF6ECF27D9F41100C967E8 /* AppDelegate.swift */; };
		98AF6ED227D9F41100C967E8 /* SceneDelegate.swift in Sources */ = {isa = PBXBuildFile; fileRef = 98AF6ED127D9F41100C967E8 /* SceneDelegate.swift */; };
		98AF6ED427D9F41100C967E8 /* MapViewController.swift in Sources */ = {isa = PBXBuildFile; fileRef = 98AF6ED327D9F41100C967E8 /* MapViewController.swift */; };
		98AF6ED727D9F41100C967E8 /* Main.storyboard in Resources */ = {isa = PBXBuildFile; fileRef = 98AF6ED527D9F41100C967E8 /* Main.storyboard */; };
		98AF6ED927D9F41300C967E8 /* Assets.xcassets in Resources */ = {isa = PBXBuildFile; fileRef = 98AF6ED827D9F41300C967E8 /* Assets.xcassets */; };
		98AF6EDC27D9F41300C967E8 /* LaunchScreen.storyboard in Resources */ = {isa = PBXBuildFile; fileRef = 98AF6EDA27D9F41300C967E8 /* LaunchScreen.storyboard */; };
		98AF6EE427DC942200C967E8 /* CompassViewController.swift in Sources */ = {isa = PBXBuildFile; fileRef = 98AF6EE327DC942200C967E8 /* CompassViewController.swift */; };
/* End PBXBuildFile section */

/* Begin PBXFileReference section */
		985C42F927FB28C80049A270 /* SearchViewController.swift */ = {isa = PBXFileReference; lastKnownFileType = sourcecode.swift; path = SearchViewController.swift; sourceTree = "<group>"; };
		9864E68C27EE3848003E7BA9 /* LocationManager.swift */ = {isa = PBXFileReference; lastKnownFileType = sourcecode.swift; path = LocationManager.swift; sourceTree = "<group>"; };
		98AF6ECC27D9F41100C967E8 /* Nearest places.app */ = {isa = PBXFileReference; explicitFileType = wrapper.application; includeInIndex = 0; path = "Nearest places.app"; sourceTree = BUILT_PRODUCTS_DIR; };
		98AF6ECF27D9F41100C967E8 /* AppDelegate.swift */ = {isa = PBXFileReference; lastKnownFileType = sourcecode.swift; path = AppDelegate.swift; sourceTree = "<group>"; };
		98AF6ED127D9F41100C967E8 /* SceneDelegate.swift */ = {isa = PBXFileReference; lastKnownFileType = sourcecode.swift; path = SceneDelegate.swift; sourceTree = "<group>"; };
		98AF6ED327D9F41100C967E8 /* MapViewController.swift */ = {isa = PBXFileReference; lastKnownFileType = sourcecode.swift; path = MapViewController.swift; sourceTree = "<group>"; };
		98AF6ED627D9F41100C967E8 /* Base */ = {isa = PBXFileReference; lastKnownFileType = file.storyboard; name = Base; path = Base.lproj/Main.storyboard; sourceTree = "<group>"; };
		98AF6ED827D9F41300C967E8 /* Assets.xcassets */ = {isa = PBXFileReference; lastKnownFileType = folder.assetcatalog; path = Assets.xcassets; sourceTree = "<group>"; };
		98AF6EDB27D9F41300C967E8 /* Base */ = {isa = PBXFileReference; lastKnownFileType = file.storyboard; name = Base; path = Base.lproj/LaunchScreen.storyboard; sourceTree = "<group>"; };
		98AF6EDD27D9F41300C967E8 /* Info.plist */ = {isa = PBXFileReference; lastKnownFileType = text.plist.xml; path = Info.plist; sourceTree = "<group>"; };
		98AF6EE327DC942200C967E8 /* CompassViewController.swift */ = {isa = PBXFileReference; lastKnownFileType = sourcecode.swift; path = CompassViewController.swift; sourceTree = "<group>"; };
/* End PBXFileReference section */

/* Begin PBXFrameworksBuildPhase section */
		98AF6EC927D9F41100C967E8 /* Frameworks */ = {
			isa = PBXFrameworksBuildPhase;
			buildActionMask = 2147483647;
			files = (
			);
			runOnlyForDeploymentPostprocessing = 0;
		};
/* End PBXFrameworksBuildPhase section */

/* Begin PBXGroup section */
		98AF6EC327D9F41100C967E8 = {
			isa = PBXGroup;
			children = (
				98AF6ECE27D9F41100C967E8 /* Nearest places */,
				98AF6ECD27D9F41100C967E8 /* Products */,
			);
			sourceTree = "<group>";
		};
		98AF6ECD27D9F41100C967E8 /* Products */ = {
			isa = PBXGroup;
			children = (
				98AF6ECC27D9F41100C967E8 /* Nearest places.app */,
			);
			name = Products;
			sourceTree = "<group>";
		};
		98AF6ECE27D9F41100C967E8 /* Nearest places */ = {
			isa = PBXGroup;
			children = (
				98AF6ECF27D9F41100C967E8 /* AppDelegate.swift */,
				98AF6ED127D9F41100C967E8 /* SceneDelegate.swift */,
				9864E68C27EE3848003E7BA9 /* LocationManager.swift */,
				98AF6ED327D9F41100C967E8 /* MapViewController.swift */,
				98AF6EE327DC942200C967E8 /* CompassViewController.swift */,
				985C42F927FB28C80049A270 /* SearchViewController.swift */,
				98AF6ED527D9F41100C967E8 /* Main.storyboard */,
				98AF6ED827D9F41300C967E8 /* Assets.xcassets */,
				98AF6EDA27D9F41300C967E8 /* LaunchScreen.storyboard */,
				98AF6EDD27D9F41300C967E8 /* Info.plist */,
			);
			path = "Nearest places";
			sourceTree = "<group>";
		};
/* End PBXGroup section */

/* Begin PBXNativeTarget section */
		98AF6ECB27D9F41100C967E8 /* Nearest places */ = {
			isa = PBXNativeTarget;
			buildConfigurationList = 98AF6EE027D9F41300C967E8 /* Build configuration list for PBXNativeTarget "Nearest places" */;
			buildPhases = (
				98AF6EC827D9F41100C967E8 /* Sources */,
				98AF6EC927D9F41100C967E8 /* Frameworks */,
				98AF6ECA27D9F41100C967E8 /* Resources */,
			);
			buildRules = (
			);
			dependencies = (
			);
			name = "Nearest places";
			productName = "Nearest bar";
			productReference = 98AF6ECC27D9F41100C967E8 /* Nearest places.app */;
			productType = "com.apple.product-type.application";
		};
/* End PBXNativeTarget section */

/* Begin PBXProject section */
		98AF6EC427D9F41100C967E8 /* Project object */ = {
			isa = PBXProject;
			attributes = {
				BuildIndependentTargetsInParallel = 1;
				LastSwiftUpdateCheck = 1320;
				LastUpgradeCheck = 1320;
				TargetAttributes = {
					98AF6ECB27D9F41100C967E8 = {
						CreatedOnToolsVersion = 13.2.1;
					};
				};
			};
			buildConfigurationList = 98AF6EC727D9F41100C967E8 /* Build configuration list for PBXProject "Nearest places" */;
			compatibilityVersion = "Xcode 13.0";
			developmentRegion = en;
			hasScannedForEncodings = 0;
			knownRegions = (
				en,
				Base,
			);
			mainGroup = 98AF6EC327D9F41100C967E8;
			productRefGroup = 98AF6ECD27D9F41100C967E8 /* Products */;
			projectDirPath = "";
			projectRoot = "";
			targets = (
				98AF6ECB27D9F41100C967E8 /* Nearest places */,
			);
		};
/* End PBXProject section */

/* Begin PBXResourcesBuildPhase section */
		98AF6ECA27D9F41100C967E8 /* Resources */ = {
			isa = PBXResourcesBuildPhase;
			buildActionMask = 2147483647;
			files = (
				98AF6EDC27D9F41300C967E8 /* LaunchScreen.storyboard in Resources */,
				98AF6ED927D9F41300C967E8 /* Assets.xcassets in Resources */,
				98AF6ED727D9F41100C967E8 /* Main.storyboard in Resources */,
			);
			runOnlyForDeploymentPostprocessing = 0;
		};
/* End PBXResourcesBuildPhase section */

/* Begin PBXSourcesBuildPhase section */
		98AF6EC827D9F41100C967E8 /* Sources */ = {
			isa = PBXSourcesBuildPhase;
			buildActionMask = 2147483647;
			files = (
				985C42FA27FB28C80049A270 /* SearchViewController.swift in Sources */,
				98AF6ED427D9F41100C967E8 /* MapViewController.swift in Sources */,
				98AF6ED027D9F41100C967E8 /* AppDelegate.swift in Sources */,
				9864E68D27EE3848003E7BA9 /* LocationManager.swift in Sources */,
				98AF6ED227D9F41100C967E8 /* SceneDelegate.swift in Sources */,
				98AF6EE427DC942200C967E8 /* CompassViewController.swift in Sources */,
			);
			runOnlyForDeploymentPostprocessing = 0;
		};
/* End PBXSourcesBuildPhase section */

/* Begin PBXVariantGroup section */
		98AF6ED527D9F41100C967E8 /* Main.storyboard */ = {
			isa = PBXVariantGroup;
			children = (
				98AF6ED627D9F41100C967E8 /* Base */,
			);
			name = Main.storyboard;
			sourceTree = "<group>";
		};
		98AF6EDA27D9F41300C967E8 /* LaunchScreen.storyboard */ = {
			isa = PBXVariantGroup;
			children = (
				98AF6EDB27D9F41300C967E8 /* Base */,
			);
			name = LaunchScreen.storyboard;
			sourceTree = "<group>";
		};
/* End PBXVariantGroup section */

/* Begin XCBuildConfiguration section */
		98AF6EDE27D9F41300C967E8 /* Debug */ = {
			isa = XCBuildConfiguration;
			buildSettings = {
				ALWAYS_SEARCH_USER_PATHS = NO;
				CLANG_ANALYZER_NONNULL = YES;
				CLANG_ANALYZER_NUMBER_OBJECT_CONVERSION = YES_AGGRESSIVE;
				CLANG_CXX_LANGUAGE_STANDARD = "gnu++17";
				CLANG_CXX_LIBRARY = "libc++";
				CLANG_ENABLE_MODULES = YES;
				CLANG_ENABLE_OBJC_ARC = YES;
				CLANG_ENABLE_OBJC_WEAK = YES;
				CLANG_WARN_BLOCK_CAPTURE_AUTORELEASING = YES;
				CLANG_WARN_BOOL_CONVERSION = YES;
				CLANG_WARN_COMMA = YES;
				CLANG_WARN_CONSTANT_CONVERSION = YES;
				CLANG_WARN_DEPRECATED_OBJC_IMPLEMENTATIONS = YES;
				CLANG_WARN_DIRECT_OBJC_ISA_USAGE = YES_ERROR;
				CLANG_WARN_DOCUMENTATION_COMMENTS = YES;
				CLANG_WARN_EMPTY_BODY = YES;
				CLANG_WARN_ENUM_CONVERSION = YES;
				CLANG_WARN_INFINITE_RECURSION = YES;
				CLANG_WARN_INT_CONVERSION = YES;
				CLANG_WARN_NON_LITERAL_NULL_CONVERSION = YES;
				CLANG_WARN_OBJC_IMPLICIT_RETAIN_SELF = YES;
				CLANG_WARN_OBJC_LITERAL_CONVERSION = YES;
				CLANG_WARN_OBJC_ROOT_CLASS = YES_ERROR;
				CLANG_WARN_QUOTED_INCLUDE_IN_FRAMEWORK_HEADER = YES;
				CLANG_WARN_RANGE_LOOP_ANALYSIS = YES;
				CLANG_WARN_STRICT_PROTOTYPES = YES;
				CLANG_WARN_SUSPICIOUS_MOVE = YES;
				CLANG_WARN_UNGUARDED_AVAILABILITY = YES_AGGRESSIVE;
				CLANG_WARN_UNREACHABLE_CODE = YES;
				CLANG_WARN__DUPLICATE_METHOD_MATCH = YES;
				COPY_PHASE_STRIP = NO;
				DEBUG_INFORMATION_FORMAT = dwarf;
				ENABLE_STRICT_OBJC_MSGSEND = YES;
				ENABLE_TESTABILITY = YES;
				GCC_C_LANGUAGE_STANDARD = gnu11;
				GCC_DYNAMIC_NO_PIC = NO;
				GCC_NO_COMMON_BLOCKS = YES;
				GCC_OPTIMIZATION_LEVEL = 0;
				GCC_PREPROCESSOR_DEFINITIONS = (
					"DEBUG=1",
					"$(inherited)",
				);
				GCC_WARN_64_TO_32_BIT_CONVERSION = YES;
				GCC_WARN_ABOUT_RETURN_TYPE = YES_ERROR;
				GCC_WARN_UNDECLARED_SELECTOR = YES;
				GCC_WARN_UNINITIALIZED_AUTOS = YES_AGGRESSIVE;
				GCC_WARN_UNUSED_FUNCTION = YES;
				GCC_WARN_UNUSED_VARIABLE = YES;
				IPHONEOS_DEPLOYMENT_TARGET = 15.2;
				MTL_ENABLE_DEBUG_INFO = INCLUDE_SOURCE;
				MTL_FAST_MATH = YES;
				ONLY_ACTIVE_ARCH = YES;
				SDKROOT = iphoneos;
				SWIFT_ACTIVE_COMPILATION_CONDITIONS = DEBUG;
				SWIFT_OPTIMIZATION_LEVEL = "-Onone";
			};
			name = Debug;
		};
		98AF6EDF27D9F41300C967E8 /* Release */ = {
			isa = XCBuildConfiguration;
			buildSettings = {
				ALWAYS_SEARCH_USER_PATHS = NO;
				CLANG_ANALYZER_NONNULL = YES;
				CLANG_ANALYZER_NUMBER_OBJECT_CONVERSION = YES_AGGRESSIVE;
				CLANG_CXX_LANGUAGE_STANDARD = "gnu++17";
				CLANG_CXX_LIBRARY = "libc++";
				CLANG_ENABLE_MODULES = YES;
				CLANG_ENABLE_OBJC_ARC = YES;
				CLANG_ENABLE_OBJC_WEAK = YES;
				CLANG_WARN_BLOCK_CAPTURE_AUTORELEASING = YES;
				CLANG_WARN_BOOL_CONVERSION = YES;
				CLANG_WARN_COMMA = YES;
				CLANG_WARN_CONSTANT_CONVERSION = YES;
				CLANG_WARN_DEPRECATED_OBJC_IMPLEMENTATIONS = YES;
				CLANG_WARN_DIRECT_OBJC_ISA_USAGE = YES_ERROR;
				CLANG_WARN_DOCUMENTATION_COMMENTS = YES;
				CLANG_WARN_EMPTY_BODY = YES;
				CLANG_WARN_ENUM_CONVERSION = YES;
				CLANG_WARN_INFINITE_RECURSION = YES;
				CLANG_WARN_INT_CONVERSION = YES;
				CLANG_WARN_NON_LITERAL_NULL_CONVERSION = YES;
				CLANG_WARN_OBJC_IMPLICIT_RETAIN_SELF = YES;
				CLANG_WARN_OBJC_LITERAL_CONVERSION = YES;
				CLANG_WARN_OBJC_ROOT_CLASS = YES_ERROR;
				CLANG_WARN_QUOTED_INCLUDE_IN_FRAMEWORK_HEADER = YES;
				CLANG_WARN_RANGE_LOOP_ANALYSIS = YES;
				CLANG_WARN_STRICT_PROTOTYPES = YES;
				CLANG_WARN_SUSPICIOUS_MOVE = YES;
				CLANG_WARN_UNGUARDED_AVAILABILITY = YES_AGGRESSIVE;
				CLANG_WARN_UNREACHABLE_CODE = YES;
				CLANG_WARN__DUPLICATE_METHOD_MATCH = YES;
				COPY_PHASE_STRIP = NO;
				DEBUG_INFORMATION_FORMAT = "dwarf-with-dsym";
				ENABLE_NS_ASSERTIONS = NO;
				ENABLE_STRICT_OBJC_MSGSEND = YES;
				GCC_C_LANGUAGE_STANDARD = gnu11;
				GCC_NO_COMMON_BLOCKS = YES;
				GCC_WARN_64_TO_32_BIT_CONVERSION = YES;
				GCC_WARN_ABOUT_RETURN_TYPE = YES_ERROR;
				GCC_WARN_UNDECLARED_SELECTOR = YES;
				GCC_WARN_UNINITIALIZED_AUTOS = YES_AGGRESSIVE;
				GCC_WARN_UNUSED_FUNCTION = YES;
				GCC_WARN_UNUSED_VARIABLE = YES;
				IPHONEOS_DEPLOYMENT_TARGET = 15.2;
				MTL_ENABLE_DEBUG_INFO = NO;
				MTL_FAST_MATH = YES;
				SDKROOT = iphoneos;
				SWIFT_COMPILATION_MODE = wholemodule;
				SWIFT_OPTIMIZATION_LEVEL = "-O";
				VALIDATE_PRODUCT = YES;
			};
			name = Release;
		};
		98AF6EE127D9F41300C967E8 /* Debug */ = {
			isa = XCBuildConfiguration;
			buildSettings = {
				ASSETCATALOG_COMPILER_APPICON_NAME = AppIcon;
				ASSETCATALOG_COMPILER_GLOBAL_ACCENT_COLOR_NAME = AccentColor;
				CODE_SIGN_STYLE = Automatic;
				CURRENT_PROJECT_VERSION = 1;
				DEVELOPMENT_TEAM = CJB64PWWQJ;
				GENERATE_INFOPLIST_FILE = YES;
				INFOPLIST_FILE = "Nearest bar/Info.plist";
				INFOPLIST_KEY_NSLocationAlwaysAndWhenInUseUsageDescription = "Please allow us to see your location";
				INFOPLIST_KEY_NSLocationWhenInUseUsageDescription = "Please allow us to see your location!";
				INFOPLIST_KEY_UIApplicationSupportsIndirectInputEvents = YES;
				INFOPLIST_KEY_UILaunchStoryboardName = LaunchScreen;
				INFOPLIST_KEY_UIMainStoryboardFile = Main;
				INFOPLIST_KEY_UISupportedInterfaceOrientations = UIInterfaceOrientationPortrait;
				INFOPLIST_KEY_UISupportedInterfaceOrientations_iPad = "UIInterfaceOrientationPortrait UIInterfaceOrientationPortraitUpsideDown UIInterfaceOrientationLandscapeLeft UIInterfaceOrientationLandscapeRight";
				INFOPLIST_KEY_UISupportedInterfaceOrientations_iPhone = "UIInterfaceOrientationPortrait UIInterfaceOrientationLandscapeLeft UIInterfaceOrientationLandscapeRight";
				IPHONEOS_DEPLOYMENT_TARGET = 13.5;
				LD_RUNPATH_SEARCH_PATHS = (
					"$(inherited)",
					"@executable_path/Frameworks",
				);
				MARKETING_VERSION = 1.0;
				PRODUCT_BUNDLE_IDENTIFIER = "Matthew-Axenov-2010.Nearest-bar";
				PRODUCT_NAME = "$(TARGET_NAME)";
				SWIFT_EMIT_LOC_STRINGS = YES;
				SWIFT_VERSION = 5.0;
				TARGETED_DEVICE_FAMILY = "1,2";
			};
			name = Debug;
		};
		98AF6EE227D9F41300C967E8 /* Release */ = {
			isa = XCBuildConfiguration;
			buildSettings = {
				ASSETCATALOG_COMPILER_APPICON_NAME = AppIcon;
				ASSETCATALOG_COMPILER_GLOBAL_ACCENT_COLOR_NAME = AccentColor;
				CODE_SIGN_STYLE = Automatic;
				CURRENT_PROJECT_VERSION = 1;
				DEVELOPMENT_TEAM = CJB64PWWQJ;
				GENERATE_INFOPLIST_FILE = YES;
				INFOPLIST_FILE = "Nearest bar/Info.plist";
				INFOPLIST_KEY_NSLocationAlwaysAndWhenInUseUsageDescription = "Please allow us to see your location";
				INFOPLIST_KEY_NSLocationWhenInUseUsageDescription = "Please allow us to see your location!";
				INFOPLIST_KEY_UIApplicationSupportsIndirectInputEvents = YES;
				INFOPLIST_KEY_UILaunchStoryboardName = LaunchScreen;
				INFOPLIST_KEY_UIMainStoryboardFile = Main;
				INFOPLIST_KEY_UISupportedInterfaceOrientations = UIInterfaceOrientationPortrait;
				INFOPLIST_KEY_UISupportedInterfaceOrientations_iPad = "UIInterfaceOrientationPortrait UIInterfaceOrientationPortraitUpsideDown UIInterfaceOrientationLandscapeLeft UIInterfaceOrientationLandscapeRight";
				INFOPLIST_KEY_UISupportedInterfaceOrientations_iPhone = "UIInterfaceOrientationPortrait UIInterfaceOrientationLandscapeLeft UIInterfaceOrientationLandscapeRight";
				IPHONEOS_DEPLOYMENT_TARGET = 13.5;
				LD_RUNPATH_SEARCH_PATHS = (
					"$(inherited)",
					"@executable_path/Frameworks",
				);
				MARKETING_VERSION = 1.0;
				PRODUCT_BUNDLE_IDENTIFIER = "Matthew-Axenov-2010.Nearest-bar";
				PRODUCT_NAME = "$(TARGET_NAME)";
				SWIFT_EMIT_LOC_STRINGS = YES;
				SWIFT_VERSION = 5.0;
				TARGETED_DEVICE_FAMILY = "1,2";
			};
			name = Release;
		};
/* End XCBuildConfiguration section */

/* Begin XCConfigurationList section */
		98AF6EC727D9F41100C967E8 /* Build configuration list for PBXProject "Nearest places" */ = {
			isa = XCConfigurationList;
			buildConfigurations = (
				98AF6EDE27D9F41300C967E8 /* Debug */,
				98AF6EDF27D9F41300C967E8 /* Release */,
			);
			defaultConfigurationIsVisible = 0;
			defaultConfigurationName = Release;
		};
		98AF6EE027D9F41300C967E8 /* Build configuration list for PBXNativeTarget "Nearest places" */ = {
			isa = XCConfigurationList;
			buildConfigurations = (
				98AF6EE127D9F41300C967E8 /* Debug */,
				98AF6EE227D9F41300C967E8 /* Release */,
			);
			defaultConfigurationIsVisible = 0;
			defaultConfigurationName = Release;
		};
/* End XCConfigurationList section */
	};
	rootObject = 98AF6EC427D9F41100C967E8 /* Project object */;
}
